// !$*UTF8*$!
{
	archiveVersion = 1;
	classes = {
	};
	objectVersion = 46;
	objects = {

/* Begin PBXBuildFile section */
		9B064FBA1DC1FEC100A7ACE3 /* main.m in Sources */ = {isa = PBXBuildFile; fileRef = 9B064FB91DC1FEC100A7ACE3 /* main.m */; };
		9B064FBD1DC1FEC100A7ACE3 /* AppDelegate.m in Sources */ = {isa = PBXBuildFile; fileRef = 9B064FBC1DC1FEC100A7ACE3 /* AppDelegate.m */; };
		9B064FC31DC1FEC100A7ACE3 /* Main.storyboard in Resources */ = {isa = PBXBuildFile; fileRef = 9B064FC11DC1FEC100A7ACE3 /* Main.storyboard */; };
		9B064FC51DC1FEC100A7ACE3 /* Assets.xcassets in Resources */ = {isa = PBXBuildFile; fileRef = 9B064FC41DC1FEC100A7ACE3 /* Assets.xcassets */; };
		9B064FC81DC1FEC100A7ACE3 /* LaunchScreen.storyboard in Resources */ = {isa = PBXBuildFile; fileRef = 9B064FC61DC1FEC100A7ACE3 /* LaunchScreen.storyboard */; };
		9B064FD31DC1FEC200A7ACE3 /* WM_DriverAssistantTests.m in Sources */ = {isa = PBXBuildFile; fileRef = 9B064FD21DC1FEC200A7ACE3 /* WM_DriverAssistantTests.m */; };
		9B064FDE1DC1FEC200A7ACE3 /* WM_DriverAssistantUITests.m in Sources */ = {isa = PBXBuildFile; fileRef = 9B064FDD1DC1FEC200A7ACE3 /* WM_DriverAssistantUITests.m */; };
		9B064FF31DC2E06E00A7ACE3 /* TabbarPages.plist in Resources */ = {isa = PBXBuildFile; fileRef = 9B064FF21DC2E06E00A7ACE3 /* TabbarPages.plist */; };
		9B06501C1DC2ED6600A7ACE3 /* WMRootTabBarController.m in Sources */ = {isa = PBXBuildFile; fileRef = 9B06501B1DC2ED6600A7ACE3 /* WMRootTabBarController.m */; };
		9B0650451DC3281B00A7ACE3 /* WMBasicNavViewController.m in Sources */ = {isa = PBXBuildFile; fileRef = 9B0650441DC3281B00A7ACE3 /* WMBasicNavViewController.m */; };
		9B0650481DC3285600A7ACE3 /* WMPurchaseNavViewController.m in Sources */ = {isa = PBXBuildFile; fileRef = 9B0650471DC3285600A7ACE3 /* WMPurchaseNavViewController.m */; };
		9B06504B1DC3356800A7ACE3 /* WMpageControllersInfo.m in Sources */ = {isa = PBXBuildFile; fileRef = 9B06504A1DC3356800A7ACE3 /* WMpageControllersInfo.m */; };
		9B06504F1DC33C3F00A7ACE3 /* WMBaomingViewController.m in Sources */ = {isa = PBXBuildFile; fileRef = 9B06504D1DC33C3F00A7ACE3 /* WMBaomingViewController.m */; };
		9B0650501DC33C3F00A7ACE3 /* WMBaomingViewController.xib in Resources */ = {isa = PBXBuildFile; fileRef = 9B06504E1DC33C3F00A7ACE3 /* WMBaomingViewController.xib */; };
		9B0650541DC33C7800A7ACE3 /* WMJiakaoViewController.m in Sources */ = {isa = PBXBuildFile; fileRef = 9B0650521DC33C7800A7ACE3 /* WMJiakaoViewController.m */; };
		9B0650591DC33CB300A7ACE3 /* WMFaxianViewController.m in Sources */ = {isa = PBXBuildFile; fileRef = 9B0650571DC33CB300A7ACE3 /* WMFaxianViewController.m */; };
		9B06505A1DC33CB300A7ACE3 /* WMFaxianViewController.xib in Resources */ = {isa = PBXBuildFile; fileRef = 9B0650581DC33CB300A7ACE3 /* WMFaxianViewController.xib */; };
		9B06505E1DC33CC700A7ACE3 /* WMBaibaoxiangViewController.m in Sources */ = {isa = PBXBuildFile; fileRef = 9B06505C1DC33CC700A7ACE3 /* WMBaibaoxiangViewController.m */; };
		9B06505F1DC33CC700A7ACE3 /* WMBaibaoxiangViewController.xib in Resources */ = {isa = PBXBuildFile; fileRef = 9B06505D1DC33CC700A7ACE3 /* WMBaibaoxiangViewController.xib */; };
		9B0650631DC33CE800A7ACE3 /* WMMaicheViewController.m in Sources */ = {isa = PBXBuildFile; fileRef = 9B0650611DC33CE800A7ACE3 /* WMMaicheViewController.m */; };
		9B0650641DC33CE800A7ACE3 /* WMMaicheViewController.xib in Resources */ = {isa = PBXBuildFile; fileRef = 9B0650621DC33CE800A7ACE3 /* WMMaicheViewController.xib */; };
		9B18B8581DD047CA004F6108 /* WMSubjectOneViewController.m in Sources */ = {isa = PBXBuildFile; fileRef = 9B18B8561DD047CA004F6108 /* WMSubjectOneViewController.m */; };
		9B18B8591DD047CA004F6108 /* WMSubjectOneViewController.xib in Resources */ = {isa = PBXBuildFile; fileRef = 9B18B8571DD047CA004F6108 /* WMSubjectOneViewController.xib */; };
		9B18B8941DD05975004F6108 /* WMSubjectTwoViewController.m in Sources */ = {isa = PBXBuildFile; fileRef = 9B18B8921DD05975004F6108 /* WMSubjectTwoViewController.m */; };
		9B18B8951DD05975004F6108 /* WMSubjectTwoViewController.xib in Resources */ = {isa = PBXBuildFile; fileRef = 9B18B8931DD05975004F6108 /* WMSubjectTwoViewController.xib */; };
		9B18B8991DD059B9004F6108 /* WMSubjectThreeViewController.m in Sources */ = {isa = PBXBuildFile; fileRef = 9B18B8971DD059B9004F6108 /* WMSubjectThreeViewController.m */; };
		9B18B89A1DD059B9004F6108 /* WMSubjectThreeViewController.xib in Resources */ = {isa = PBXBuildFile; fileRef = 9B18B8981DD059B9004F6108 /* WMSubjectThreeViewController.xib */; };
		9B18B89E1DD059F2004F6108 /* WMSubjectFourViewController.m in Sources */ = {isa = PBXBuildFile; fileRef = 9B18B89C1DD059F2004F6108 /* WMSubjectFourViewController.m */; };
		9B18B89F1DD059F2004F6108 /* WMSubjectFourViewController.xib in Resources */ = {isa = PBXBuildFile; fileRef = 9B18B89D1DD059F2004F6108 /* WMSubjectFourViewController.xib */; };
		9B18B8A31DD05A1B004F6108 /* WMGetDiverLicenseViewController.m in Sources */ = {isa = PBXBuildFile; fileRef = 9B18B8A11DD05A1B004F6108 /* WMGetDiverLicenseViewController.m */; };
		9B18B8A41DD05A1B004F6108 /* WMGetDiverLicenseViewController.xib in Resources */ = {isa = PBXBuildFile; fileRef = 9B18B8A21DD05A1B004F6108 /* WMGetDiverLicenseViewController.xib */; };
		9B18B8AC1DD06CA2004F6108 /* WMMyDriverMasterView.m in Sources */ = {isa = PBXBuildFile; fileRef = 9B18B8AB1DD06CA2004F6108 /* WMMyDriverMasterView.m */; };
		9B18B8AE1DD06CC5004F6108 /* WMMyDriverMasterView.xib in Resources */ = {isa = PBXBuildFile; fileRef = 9B18B8AD1DD06CC5004F6108 /* WMMyDriverMasterView.xib */; };
		9B3AE90C1DD1B7BE0070DCA1 /* WMAdvertisementPagingScrollView.m in Sources */ = {isa = PBXBuildFile; fileRef = 9B3AE90B1DD1B7BE0070DCA1 /* WMAdvertisementPagingScrollView.m */; };
		9B5AA63D1DC49EA200C2C15C /* WMPagesScrollView.m in Sources */ = {isa = PBXBuildFile; fileRef = 9B5AA63C1DC49EA200C2C15C /* WMPagesScrollView.m */; };
		9BFF9F291DC34A5F004BCACD /* WMGlobal.m in Sources */ = {isa = PBXBuildFile; fileRef = 9BFF9F281DC34A5F004BCACD /* WMGlobal.m */; };
/* End PBXBuildFile section */

/* Begin PBXContainerItemProxy section */
		9B064FCF1DC1FEC200A7ACE3 /* PBXContainerItemProxy */ = {
			isa = PBXContainerItemProxy;
			containerPortal = 9B064FAD1DC1FEC000A7ACE3 /* Project object */;
			proxyType = 1;
			remoteGlobalIDString = 9B064FB41DC1FEC100A7ACE3;
			remoteInfo = WM_DriverAssistant;
		};
		9B064FDA1DC1FEC200A7ACE3 /* PBXContainerItemProxy */ = {
			isa = PBXContainerItemProxy;
			containerPortal = 9B064FAD1DC1FEC000A7ACE3 /* Project object */;
			proxyType = 1;
			remoteGlobalIDString = 9B064FB41DC1FEC100A7ACE3;
			remoteInfo = WM_DriverAssistant;
		};
/* End PBXContainerItemProxy section */

/* Begin PBXFileReference section */
		9B064FB51DC1FEC100A7ACE3 /* WM_DriverAssistant.app */ = {isa = PBXFileReference; explicitFileType = wrapper.application; includeInIndex = 0; path = WM_DriverAssistant.app; sourceTree = BUILT_PRODUCTS_DIR; };
		9B064FB91DC1FEC100A7ACE3 /* main.m */ = {isa = PBXFileReference; lastKnownFileType = sourcecode.c.objc; path = main.m; sourceTree = "<group>"; };
		9B064FBB1DC1FEC100A7ACE3 /* AppDelegate.h */ = {isa = PBXFileReference; lastKnownFileType = sourcecode.c.h; path = AppDelegate.h; sourceTree = "<group>"; };
		9B064FBC1DC1FEC100A7ACE3 /* AppDelegate.m */ = {isa = PBXFileReference; lastKnownFileType = sourcecode.c.objc; path = AppDelegate.m; sourceTree = "<group>"; };
		9B064FC21DC1FEC100A7ACE3 /* Base */ = {isa = PBXFileReference; lastKnownFileType = file.storyboard; name = Base; path = Base.lproj/Main.storyboard; sourceTree = "<group>"; };
		9B064FC41DC1FEC100A7ACE3 /* Assets.xcassets */ = {isa = PBXFileReference; lastKnownFileType = folder.assetcatalog; path = Assets.xcassets; sourceTree = "<group>"; };
		9B064FC71DC1FEC100A7ACE3 /* Base */ = {isa = PBXFileReference; lastKnownFileType = file.storyboard; name = Base; path = Base.lproj/LaunchScreen.storyboard; sourceTree = "<group>"; };
		9B064FC91DC1FEC100A7ACE3 /* Info.plist */ = {isa = PBXFileReference; lastKnownFileType = text.plist.xml; path = Info.plist; sourceTree = "<group>"; };
		9B064FCE1DC1FEC200A7ACE3 /* WM_DriverAssistantTests.xctest */ = {isa = PBXFileReference; explicitFileType = wrapper.cfbundle; includeInIndex = 0; path = WM_DriverAssistantTests.xctest; sourceTree = BUILT_PRODUCTS_DIR; };
		9B064FD21DC1FEC200A7ACE3 /* WM_DriverAssistantTests.m */ = {isa = PBXFileReference; lastKnownFileType = sourcecode.c.objc; path = WM_DriverAssistantTests.m; sourceTree = "<group>"; };
		9B064FD41DC1FEC200A7ACE3 /* Info.plist */ = {isa = PBXFileReference; lastKnownFileType = text.plist.xml; path = Info.plist; sourceTree = "<group>"; };
		9B064FD91DC1FEC200A7ACE3 /* WM_DriverAssistantUITests.xctest */ = {isa = PBXFileReference; explicitFileType = wrapper.cfbundle; includeInIndex = 0; path = WM_DriverAssistantUITests.xctest; sourceTree = BUILT_PRODUCTS_DIR; };
		9B064FDD1DC1FEC200A7ACE3 /* WM_DriverAssistantUITests.m */ = {isa = PBXFileReference; lastKnownFileType = sourcecode.c.objc; path = WM_DriverAssistantUITests.m; sourceTree = "<group>"; };
		9B064FDF1DC1FEC200A7ACE3 /* Info.plist */ = {isa = PBXFileReference; lastKnownFileType = text.plist.xml; path = Info.plist; sourceTree = "<group>"; };
		9B064FF21DC2E06E00A7ACE3 /* TabbarPages.plist */ = {isa = PBXFileReference; fileEncoding = 4; lastKnownFileType = text.plist.xml; path = TabbarPages.plist; sourceTree = "<group>"; };
		9B06501A1DC2ED6600A7ACE3 /* WMRootTabBarController.h */ = {isa = PBXFileReference; fileEncoding = 4; lastKnownFileType = sourcecode.c.h; name = WMRootTabBarController.h; path = Controllers/WMRootTabBarController.h; sourceTree = "<group>"; };
		9B06501B1DC2ED6600A7ACE3 /* WMRootTabBarController.m */ = {isa = PBXFileReference; fileEncoding = 4; lastKnownFileType = sourcecode.c.objc; name = WMRootTabBarController.m; path = Controllers/WMRootTabBarController.m; sourceTree = "<group>"; };
		9B0650431DC3281B00A7ACE3 /* WMBasicNavViewController.h */ = {isa = PBXFileReference; fileEncoding = 4; lastKnownFileType = sourcecode.c.h; path = WMBasicNavViewController.h; sourceTree = "<group>"; };
		9B0650441DC3281B00A7ACE3 /* WMBasicNavViewController.m */ = {isa = PBXFileReference; fileEncoding = 4; lastKnownFileType = sourcecode.c.objc; path = WMBasicNavViewController.m; sourceTree = "<group>"; };
		9B0650461DC3285600A7ACE3 /* WMPurchaseNavViewController.h */ = {isa = PBXFileReference; fileEncoding = 4; lastKnownFileType = sourcecode.c.h; path = WMPurchaseNavViewController.h; sourceTree = "<group>"; };
		9B0650471DC3285600A7ACE3 /* WMPurchaseNavViewController.m */ = {isa = PBXFileReference; fileEncoding = 4; lastKnownFileType = sourcecode.c.objc; path = WMPurchaseNavViewController.m; sourceTree = "<group>"; };
		9B0650491DC3356800A7ACE3 /* WMpageControllersInfo.h */ = {isa = PBXFileReference; fileEncoding = 4; lastKnownFileType = sourcecode.c.h; name = WMpageControllersInfo.h; path = Models/WMpageControllersInfo.h; sourceTree = "<group>"; };
		9B06504A1DC3356800A7ACE3 /* WMpageControllersInfo.m */ = {isa = PBXFileReference; fileEncoding = 4; lastKnownFileType = sourcecode.c.objc; name = WMpageControllersInfo.m; path = Models/WMpageControllersInfo.m; sourceTree = "<group>"; };
		9B06504C1DC33C3F00A7ACE3 /* WMBaomingViewController.h */ = {isa = PBXFileReference; fileEncoding = 4; lastKnownFileType = sourcecode.c.h; name = WMBaomingViewController.h; path = Controllers/WMBaomingViewController.h; sourceTree = "<group>"; };
		9B06504D1DC33C3F00A7ACE3 /* WMBaomingViewController.m */ = {isa = PBXFileReference; fileEncoding = 4; lastKnownFileType = sourcecode.c.objc; name = WMBaomingViewController.m; path = Controllers/WMBaomingViewController.m; sourceTree = "<group>"; };
		9B06504E1DC33C3F00A7ACE3 /* WMBaomingViewController.xib */ = {isa = PBXFileReference; fileEncoding = 4; lastKnownFileType = file.xib; name = WMBaomingViewController.xib; path = Controllers/WMBaomingViewController.xib; sourceTree = "<group>"; };
		9B0650511DC33C7800A7ACE3 /* WMJiakaoViewController.h */ = {isa = PBXFileReference; fileEncoding = 4; lastKnownFileType = sourcecode.c.h; name = WMJiakaoViewController.h; path = Controllers/WMJiakaoViewController.h; sourceTree = "<group>"; };
		9B0650521DC33C7800A7ACE3 /* WMJiakaoViewController.m */ = {isa = PBXFileReference; fileEncoding = 4; lastKnownFileType = sourcecode.c.objc; name = WMJiakaoViewController.m; path = Controllers/WMJiakaoViewController.m; sourceTree = "<group>"; };
		9B0650561DC33CB300A7ACE3 /* WMFaxianViewController.h */ = {isa = PBXFileReference; fileEncoding = 4; lastKnownFileType = sourcecode.c.h; name = WMFaxianViewController.h; path = Controllers/WMFaxianViewController.h; sourceTree = "<group>"; };
		9B0650571DC33CB300A7ACE3 /* WMFaxianViewController.m */ = {isa = PBXFileReference; fileEncoding = 4; lastKnownFileType = sourcecode.c.objc; name = WMFaxianViewController.m; path = Controllers/WMFaxianViewController.m; sourceTree = "<group>"; };
		9B0650581DC33CB300A7ACE3 /* WMFaxianViewController.xib */ = {isa = PBXFileReference; fileEncoding = 4; lastKnownFileType = file.xib; name = WMFaxianViewController.xib; path = Controllers/WMFaxianViewController.xib; sourceTree = "<group>"; };
		9B06505B1DC33CC700A7ACE3 /* WMBaibaoxiangViewController.h */ = {isa = PBXFileReference; fileEncoding = 4; lastKnownFileType = sourcecode.c.h; path = WMBaibaoxiangViewController.h; sourceTree = "<group>"; };
		9B06505C1DC33CC700A7ACE3 /* WMBaibaoxiangViewController.m */ = {isa = PBXFileReference; fileEncoding = 4; lastKnownFileType = sourcecode.c.objc; path = WMBaibaoxiangViewController.m; sourceTree = "<group>"; };
		9B06505D1DC33CC700A7ACE3 /* WMBaibaoxiangViewController.xib */ = {isa = PBXFileReference; fileEncoding = 4; lastKnownFileType = file.xib; path = WMBaibaoxiangViewController.xib; sourceTree = "<group>"; };
		9B0650601DC33CE800A7ACE3 /* WMMaicheViewController.h */ = {isa = PBXFileReference; fileEncoding = 4; lastKnownFileType = sourcecode.c.h; name = WMMaicheViewController.h; path = Controllers/WMMaicheViewController.h; sourceTree = "<group>"; };
		9B0650611DC33CE800A7ACE3 /* WMMaicheViewController.m */ = {isa = PBXFileReference; fileEncoding = 4; lastKnownFileType = sourcecode.c.objc; name = WMMaicheViewController.m; path = Controllers/WMMaicheViewController.m; sourceTree = "<group>"; };
		9B0650621DC33CE800A7ACE3 /* WMMaicheViewController.xib */ = {isa = PBXFileReference; fileEncoding = 4; lastKnownFileType = file.xib; name = WMMaicheViewController.xib; path = Controllers/WMMaicheViewController.xib; sourceTree = "<group>"; };
		9B18B8551DD047CA004F6108 /* WMSubjectOneViewController.h */ = {isa = PBXFileReference; fileEncoding = 4; lastKnownFileType = sourcecode.c.h; name = WMSubjectOneViewController.h; path = Controllers/WMSubjectOneViewController.h; sourceTree = "<group>"; };
		9B18B8561DD047CA004F6108 /* WMSubjectOneViewController.m */ = {isa = PBXFileReference; fileEncoding = 4; lastKnownFileType = sourcecode.c.objc; name = WMSubjectOneViewController.m; path = Controllers/WMSubjectOneViewController.m; sourceTree = "<group>"; };
		9B18B8571DD047CA004F6108 /* WMSubjectOneViewController.xib */ = {isa = PBXFileReference; fileEncoding = 4; lastKnownFileType = file.xib; name = WMSubjectOneViewController.xib; path = Controllers/WMSubjectOneViewController.xib; sourceTree = "<group>"; };
		9B18B8911DD05975004F6108 /* WMSubjectTwoViewController.h */ = {isa = PBXFileReference; fileEncoding = 4; lastKnownFileType = sourcecode.c.h; name = WMSubjectTwoViewController.h; path = Controllers/WMSubjectTwoViewController.h; sourceTree = "<group>"; };
		9B18B8921DD05975004F6108 /* WMSubjectTwoViewController.m */ = {isa = PBXFileReference; fileEncoding = 4; lastKnownFileType = sourcecode.c.objc; name = WMSubjectTwoViewController.m; path = Controllers/WMSubjectTwoViewController.m; sourceTree = "<group>"; };
		9B18B8931DD05975004F6108 /* WMSubjectTwoViewController.xib */ = {isa = PBXFileReference; fileEncoding = 4; lastKnownFileType = file.xib; name = WMSubjectTwoViewController.xib; path = Controllers/WMSubjectTwoViewController.xib; sourceTree = "<group>"; };
		9B18B8961DD059B9004F6108 /* WMSubjectThreeViewController.h */ = {isa = PBXFileReference; fileEncoding = 4; lastKnownFileType = sourcecode.c.h; name = WMSubjectThreeViewController.h; path = Controllers/WMSubjectThreeViewController.h; sourceTree = "<group>"; };
		9B18B8971DD059B9004F6108 /* WMSubjectThreeViewController.m */ = {isa = PBXFileReference; fileEncoding = 4; lastKnownFileType = sourcecode.c.objc; name = WMSubjectThreeViewController.m; path = Controllers/WMSubjectThreeViewController.m; sourceTree = "<group>"; };
		9B18B8981DD059B9004F6108 /* WMSubjectThreeViewController.xib */ = {isa = PBXFileReference; fileEncoding = 4; lastKnownFileType = file.xib; name = WMSubjectThreeViewController.xib; path = Controllers/WMSubjectThreeViewController.xib; sourceTree = "<group>"; };
		9B18B89B1DD059F2004F6108 /* WMSubjectFourViewController.h */ = {isa = PBXFileReference; fileEncoding = 4; lastKnownFileType = sourcecode.c.h; name = WMSubjectFourViewController.h; path = Controllers/WMSubjectFourViewController.h; sourceTree = "<group>"; };
		9B18B89C1DD059F2004F6108 /* WMSubjectFourViewController.m */ = {isa = PBXFileReference; fileEncoding = 4; lastKnownFileType = sourcecode.c.objc; name = WMSubjectFourViewController.m; path = Controllers/WMSubjectFourViewController.m; sourceTree = "<group>"; };
		9B18B89D1DD059F2004F6108 /* WMSubjectFourViewController.xib */ = {isa = PBXFileReference; fileEncoding = 4; lastKnownFileType = file.xib; name = WMSubjectFourViewController.xib; path = Controllers/WMSubjectFourViewController.xib; sourceTree = "<group>"; };
		9B18B8A01DD05A1B004F6108 /* WMGetDiverLicenseViewController.h */ = {isa = PBXFileReference; fileEncoding = 4; lastKnownFileType = sourcecode.c.h; name = WMGetDiverLicenseViewController.h; path = Controllers/WMGetDiverLicenseViewController.h; sourceTree = "<group>"; };
		9B18B8A11DD05A1B004F6108 /* WMGetDiverLicenseViewController.m */ = {isa = PBXFileReference; fileEncoding = 4; lastKnownFileType = sourcecode.c.objc; name = WMGetDiverLicenseViewController.m; path = Controllers/WMGetDiverLicenseViewController.m; sourceTree = "<group>"; };
		9B18B8A21DD05A1B004F6108 /* WMGetDiverLicenseViewController.xib */ = {isa = PBXFileReference; fileEncoding = 4; lastKnownFileType = file.xib; name = WMGetDiverLicenseViewController.xib; path = Controllers/WMGetDiverLicenseViewController.xib; sourceTree = "<group>"; };
		9B18B8AA1DD06CA2004F6108 /* WMMyDriverMasterView.h */ = {isa = PBXFileReference; fileEncoding = 4; lastKnownFileType = sourcecode.c.h; name = WMMyDriverMasterView.h; path = Views/WMMyDriverMasterView.h; sourceTree = "<group>"; };
		9B18B8AB1DD06CA2004F6108 /* WMMyDriverMasterView.m */ = {isa = PBXFileReference; fileEncoding = 4; lastKnownFileType = sourcecode.c.objc; name = WMMyDriverMasterView.m; path = Views/WMMyDriverMasterView.m; sourceTree = "<group>"; };
		9B18B8AD1DD06CC5004F6108 /* WMMyDriverMasterView.xib */ = {isa = PBXFileReference; fileEncoding = 4; lastKnownFileType = file.xib; name = WMMyDriverMasterView.xib; path = Views/WMMyDriverMasterView.xib; sourceTree = "<group>"; };
		9B3AE90A1DD1B7BE0070DCA1 /* WMAdvertisementPagingScrollView.h */ = {isa = PBXFileReference; fileEncoding = 4; lastKnownFileType = sourcecode.c.h; path = WMAdvertisementPagingScrollView.h; sourceTree = "<group>"; };
		9B3AE90B1DD1B7BE0070DCA1 /* WMAdvertisementPagingScrollView.m */ = {isa = PBXFileReference; fileEncoding = 4; lastKnownFileType = sourcecode.c.objc; path = WMAdvertisementPagingScrollView.m; sourceTree = "<group>"; };
		9B5AA63B1DC49EA200C2C15C /* WMPagesScrollView.h */ = {isa = PBXFileReference; fileEncoding = 4; lastKnownFileType = sourcecode.c.h; path = WMPagesScrollView.h; sourceTree = "<group>"; };
		9B5AA63C1DC49EA200C2C15C /* WMPagesScrollView.m */ = {isa = PBXFileReference; fileEncoding = 4; lastKnownFileType = sourcecode.c.objc; path = WMPagesScrollView.m; sourceTree = "<group>"; };
		9BFF9F271DC34A5F004BCACD /* WMGlobal.h */ = {isa = PBXFileReference; fileEncoding = 4; lastKnownFileType = sourcecode.c.h; name = WMGlobal.h; path = Others/WMGlobal.h; sourceTree = "<group>"; };
		9BFF9F281DC34A5F004BCACD /* WMGlobal.m */ = {isa = PBXFileReference; fileEncoding = 4; lastKnownFileType = sourcecode.c.objc; name = WMGlobal.m; path = Others/WMGlobal.m; sourceTree = "<group>"; };
		9BFF9F2A1DC34B35004BCACD /* Defines.h */ = {isa = PBXFileReference; lastKnownFileType = sourcecode.c.h; path = Defines.h; sourceTree = "<group>"; };
		9BFF9F2B1DC34B78004BCACD /* driverAssistant-Prefix.pch */ = {isa = PBXFileReference; lastKnownFileType = sourcecode.c.h; path = "driverAssistant-Prefix.pch"; sourceTree = "<group>"; };
/* End PBXFileReference section */

/* Begin PBXFrameworksBuildPhase section */
		9B064FB21DC1FEC100A7ACE3 /* Frameworks */ = {
			isa = PBXFrameworksBuildPhase;
			buildActionMask = 2147483647;
			files = (
			);
			runOnlyForDeploymentPostprocessing = 0;
		};
		9B064FCB1DC1FEC200A7ACE3 /* Frameworks */ = {
			isa = PBXFrameworksBuildPhase;
			buildActionMask = 2147483647;
			files = (
			);
			runOnlyForDeploymentPostprocessing = 0;
		};
		9B064FD61DC1FEC200A7ACE3 /* Frameworks */ = {
			isa = PBXFrameworksBuildPhase;
			buildActionMask = 2147483647;
			files = (
			);
			runOnlyForDeploymentPostprocessing = 0;
		};
/* End PBXFrameworksBuildPhase section */

/* Begin PBXGroup section */
		9B064FAC1DC1FEC000A7ACE3 = {
			isa = PBXGroup;
			children = (
				9B064FB71DC1FEC100A7ACE3 /* WM_DriverAssistant */,
				9B064FD11DC1FEC200A7ACE3 /* WM_DriverAssistantTests */,
				9B064FDC1DC1FEC200A7ACE3 /* WM_DriverAssistantUITests */,
				9B064FB61DC1FEC100A7ACE3 /* Products */,
			);
			sourceTree = "<group>";
		};
		9B064FB61DC1FEC100A7ACE3 /* Products */ = {
			isa = PBXGroup;
			children = (
				9B064FB51DC1FEC100A7ACE3 /* WM_DriverAssistant.app */,
				9B064FCE1DC1FEC200A7ACE3 /* WM_DriverAssistantTests.xctest */,
				9B064FD91DC1FEC200A7ACE3 /* WM_DriverAssistantUITests.xctest */,
			);
			name = Products;
			sourceTree = "<group>";
		};
		9B064FB71DC1FEC100A7ACE3 /* WM_DriverAssistant */ = {
			isa = PBXGroup;
			children = (
				9B064FEE1DC2D5C100A7ACE3 /* Others */,
				9B064FED1DC2D5BA00A7ACE3 /* Views */,
				9B064FEC1DC2D5B100A7ACE3 /* Controllers */,
				9B064FEB1DC2D5A700A7ACE3 /* Models */,
			);
			path = WM_DriverAssistant;
			sourceTree = "<group>";
		};
		9B064FB81DC1FEC100A7ACE3 /* Supporting Files */ = {
			isa = PBXGroup;
			children = (
				9B064FB91DC1FEC100A7ACE3 /* main.m */,
				9BFF9F2B1DC34B78004BCACD /* driverAssistant-Prefix.pch */,
			);
			name = "Supporting Files";
			sourceTree = "<group>";
		};
		9B064FD11DC1FEC200A7ACE3 /* WM_DriverAssistantTests */ = {
			isa = PBXGroup;
			children = (
				9B064FD21DC1FEC200A7ACE3 /* WM_DriverAssistantTests.m */,
				9B064FD41DC1FEC200A7ACE3 /* Info.plist */,
			);
			path = WM_DriverAssistantTests;
			sourceTree = "<group>";
		};
		9B064FDC1DC1FEC200A7ACE3 /* WM_DriverAssistantUITests */ = {
			isa = PBXGroup;
			children = (
				9B064FDD1DC1FEC200A7ACE3 /* WM_DriverAssistantUITests.m */,
				9B064FDF1DC1FEC200A7ACE3 /* Info.plist */,
			);
			path = WM_DriverAssistantUITests;
			sourceTree = "<group>";
		};
		9B064FEB1DC2D5A700A7ACE3 /* Models */ = {
			isa = PBXGroup;
			children = (
				9B0650491DC3356800A7ACE3 /* WMpageControllersInfo.h */,
				9B06504A1DC3356800A7ACE3 /* WMpageControllersInfo.m */,
			);
			name = Models;
			sourceTree = "<group>";
		};
		9B064FEC1DC2D5B100A7ACE3 /* Controllers */ = {
			isa = PBXGroup;
			children = (
				9B5AA63A1DC4943300C2C15C /* pageJiakao */,
				9B06501A1DC2ED6600A7ACE3 /* WMRootTabBarController.h */,
				9B06501B1DC2ED6600A7ACE3 /* WMRootTabBarController.m */,
				9B0650431DC3281B00A7ACE3 /* WMBasicNavViewController.h */,
				9B0650441DC3281B00A7ACE3 /* WMBasicNavViewController.m */,
				9B0650461DC3285600A7ACE3 /* WMPurchaseNavViewController.h */,
				9B0650471DC3285600A7ACE3 /* WMPurchaseNavViewController.m */,
				9B06504C1DC33C3F00A7ACE3 /* WMBaomingViewController.h */,
				9B06504D1DC33C3F00A7ACE3 /* WMBaomingViewController.m */,
				9B0650561DC33CB300A7ACE3 /* WMFaxianViewController.h */,
				9B0650571DC33CB300A7ACE3 /* WMFaxianViewController.m */,
				9B06505B1DC33CC700A7ACE3 /* WMBaibaoxiangViewController.h */,
				9B06505C1DC33CC700A7ACE3 /* WMBaibaoxiangViewController.m */,
				9B0650601DC33CE800A7ACE3 /* WMMaicheViewController.h */,
				9B0650611DC33CE800A7ACE3 /* WMMaicheViewController.m */,
			);
			name = Controllers;
			sourceTree = "<group>";
		};
		9B064FED1DC2D5BA00A7ACE3 /* Views */ = {
			isa = PBXGroup;
			children = (
				9B18B8A51DD06A34004F6108 /* pageJiakao */,
				9B064FC11DC1FEC100A7ACE3 /* Main.storyboard */,
				9B06504E1DC33C3F00A7ACE3 /* WMBaomingViewController.xib */,
				9B0650581DC33CB300A7ACE3 /* WMFaxianViewController.xib */,
				9B06505D1DC33CC700A7ACE3 /* WMBaibaoxiangViewController.xib */,
				9B0650621DC33CE800A7ACE3 /* WMMaicheViewController.xib */,
				9B064FC61DC1FEC100A7ACE3 /* LaunchScreen.storyboard */,
			);
			name = Views;
			sourceTree = "<group>";
		};
		9B064FEE1DC2D5C100A7ACE3 /* Others */ = {
			isa = PBXGroup;
			children = (
				9BFF9F261DC349DE004BCACD /* Global */,
				9B064FBB1DC1FEC100A7ACE3 /* AppDelegate.h */,
				9B064FBC1DC1FEC100A7ACE3 /* AppDelegate.m */,
				9B064FC41DC1FEC100A7ACE3 /* Assets.xcassets */,
				9B064FC91DC1FEC100A7ACE3 /* Info.plist */,
				9B064FB81DC1FEC100A7ACE3 /* Supporting Files */,
				9B064FF21DC2E06E00A7ACE3 /* TabbarPages.plist */,
			);
			name = Others;
			sourceTree = "<group>";
		};
		9B18B8A51DD06A34004F6108 /* pageJiakao */ = {
			isa = PBXGroup;
			children = (
				9B18B8AA1DD06CA2004F6108 /* WMMyDriverMasterView.h */,
				9B18B8AB1DD06CA2004F6108 /* WMMyDriverMasterView.m */,
				9B18B8AD1DD06CC5004F6108 /* WMMyDriverMasterView.xib */,
				9B3AE90A1DD1B7BE0070DCA1 /* WMAdvertisementPagingScrollView.h */,
				9B3AE90B1DD1B7BE0070DCA1 /* WMAdvertisementPagingScrollView.m */,
			);
			name = pageJiakao;
			sourceTree = "<group>";
		};
		9B5AA63A1DC4943300C2C15C /* pageJiakao */ = {
			isa = PBXGroup;
			children = (
				9B0650511DC33C7800A7ACE3 /* WMJiakaoViewController.h */,
				9B0650521DC33C7800A7ACE3 /* WMJiakaoViewController.m */,
				9B5AA63B1DC49EA200C2C15C /* WMPagesScrollView.h */,
				9B5AA63C1DC49EA200C2C15C /* WMPagesScrollView.m */,
				9B18B8551DD047CA004F6108 /* WMSubjectOneViewController.h */,
				9B18B8561DD047CA004F6108 /* WMSubjectOneViewController.m */,
				9B18B8571DD047CA004F6108 /* WMSubjectOneViewController.xib */,
				9B18B8911DD05975004F6108 /* WMSubjectTwoViewController.h */,
				9B18B8921DD05975004F6108 /* WMSubjectTwoViewController.m */,
				9B18B8931DD05975004F6108 /* WMSubjectTwoViewController.xib */,
				9B18B8961DD059B9004F6108 /* WMSubjectThreeViewController.h */,
				9B18B8971DD059B9004F6108 /* WMSubjectThreeViewController.m */,
				9B18B8981DD059B9004F6108 /* WMSubjectThreeViewController.xib */,
				9B18B89B1DD059F2004F6108 /* WMSubjectFourViewController.h */,
				9B18B89C1DD059F2004F6108 /* WMSubjectFourViewController.m */,
				9B18B89D1DD059F2004F6108 /* WMSubjectFourViewController.xib */,
				9B18B8A01DD05A1B004F6108 /* WMGetDiverLicenseViewController.h */,
				9B18B8A11DD05A1B004F6108 /* WMGetDiverLicenseViewController.m */,
				9B18B8A21DD05A1B004F6108 /* WMGetDiverLicenseViewController.xib */,
			);
			name = pageJiakao;
			sourceTree = "<group>";
		};
		9BFF9F261DC349DE004BCACD /* Global */ = {
			isa = PBXGroup;
			children = (
				9BFF9F271DC34A5F004BCACD /* WMGlobal.h */,
				9BFF9F281DC34A5F004BCACD /* WMGlobal.m */,
				9BFF9F2A1DC34B35004BCACD /* Defines.h */,
			);
			name = Global;
			sourceTree = "<group>";
		};
/* End PBXGroup section */

/* Begin PBXNativeTarget section */
		9B064FB41DC1FEC100A7ACE3 /* WM_DriverAssistant */ = {
			isa = PBXNativeTarget;
			buildConfigurationList = 9B064FE21DC1FEC200A7ACE3 /* Build configuration list for PBXNativeTarget "WM_DriverAssistant" */;
			buildPhases = (
				9B064FB11DC1FEC100A7ACE3 /* Sources */,
				9B064FB21DC1FEC100A7ACE3 /* Frameworks */,
				9B064FB31DC1FEC100A7ACE3 /* Resources */,
			);
			buildRules = (
			);
			dependencies = (
			);
			name = WM_DriverAssistant;
			productName = WM_DriverAssistant;
			productReference = 9B064FB51DC1FEC100A7ACE3 /* WM_DriverAssistant.app */;
			productType = "com.apple.product-type.application";
		};
		9B064FCD1DC1FEC200A7ACE3 /* WM_DriverAssistantTests */ = {
			isa = PBXNativeTarget;
			buildConfigurationList = 9B064FE51DC1FEC200A7ACE3 /* Build configuration list for PBXNativeTarget "WM_DriverAssistantTests" */;
			buildPhases = (
				9B064FCA1DC1FEC200A7ACE3 /* Sources */,
				9B064FCB1DC1FEC200A7ACE3 /* Frameworks */,
				9B064FCC1DC1FEC200A7ACE3 /* Resources */,
			);
			buildRules = (
			);
			dependencies = (
				9B064FD01DC1FEC200A7ACE3 /* PBXTargetDependency */,
			);
			name = WM_DriverAssistantTests;
			productName = WM_DriverAssistantTests;
			productReference = 9B064FCE1DC1FEC200A7ACE3 /* WM_DriverAssistantTests.xctest */;
			productType = "com.apple.product-type.bundle.unit-test";
		};
		9B064FD81DC1FEC200A7ACE3 /* WM_DriverAssistantUITests */ = {
			isa = PBXNativeTarget;
			buildConfigurationList = 9B064FE81DC1FEC200A7ACE3 /* Build configuration list for PBXNativeTarget "WM_DriverAssistantUITests" */;
			buildPhases = (
				9B064FD51DC1FEC200A7ACE3 /* Sources */,
				9B064FD61DC1FEC200A7ACE3 /* Frameworks */,
				9B064FD71DC1FEC200A7ACE3 /* Resources */,
			);
			buildRules = (
			);
			dependencies = (
				9B064FDB1DC1FEC200A7ACE3 /* PBXTargetDependency */,
			);
			name = WM_DriverAssistantUITests;
			productName = WM_DriverAssistantUITests;
			productReference = 9B064FD91DC1FEC200A7ACE3 /* WM_DriverAssistantUITests.xctest */;
			productType = "com.apple.product-type.bundle.ui-testing";
		};
/* End PBXNativeTarget section */

/* Begin PBXProject section */
		9B064FAD1DC1FEC000A7ACE3 /* Project object */ = {
			isa = PBXProject;
			attributes = {
				CLASSPREFIX = WM;
				LastUpgradeCheck = 0800;
				ORGANIZATIONNAME = "王雷";
				TargetAttributes = {
					9B064FB41DC1FEC100A7ACE3 = {
						CreatedOnToolsVersion = 8.0;
						DevelopmentTeam = CG4F88GY6X;
						ProvisioningStyle = Automatic;
					};
					9B064FCD1DC1FEC200A7ACE3 = {
						CreatedOnToolsVersion = 8.0;
						DevelopmentTeam = CG4F88GY6X;
						ProvisioningStyle = Automatic;
						TestTargetID = 9B064FB41DC1FEC100A7ACE3;
					};
					9B064FD81DC1FEC200A7ACE3 = {
						CreatedOnToolsVersion = 8.0;
						DevelopmentTeam = CG4F88GY6X;
						ProvisioningStyle = Automatic;
						TestTargetID = 9B064FB41DC1FEC100A7ACE3;
					};
				};
			};
			buildConfigurationList = 9B064FB01DC1FEC000A7ACE3 /* Build configuration list for PBXProject "WM_DriverAssistant" */;
			compatibilityVersion = "Xcode 3.2";
			developmentRegion = English;
			hasScannedForEncodings = 0;
			knownRegions = (
				en,
				Base,
			);
			mainGroup = 9B064FAC1DC1FEC000A7ACE3;
			productRefGroup = 9B064FB61DC1FEC100A7ACE3 /* Products */;
			projectDirPath = "";
			projectRoot = "";
			targets = (
				9B064FB41DC1FEC100A7ACE3 /* WM_DriverAssistant */,
				9B064FCD1DC1FEC200A7ACE3 /* WM_DriverAssistantTests */,
				9B064FD81DC1FEC200A7ACE3 /* WM_DriverAssistantUITests */,
			);
		};
/* End PBXProject section */

/* Begin PBXResourcesBuildPhase section */
		9B064FB31DC1FEC100A7ACE3 /* Resources */ = {
			isa = PBXResourcesBuildPhase;
			buildActionMask = 2147483647;
			files = (
				9B06505F1DC33CC700A7ACE3 /* WMBaibaoxiangViewController.xib in Resources */,
				9B064FC81DC1FEC100A7ACE3 /* LaunchScreen.storyboard in Resources */,
				9B0650641DC33CE800A7ACE3 /* WMMaicheViewController.xib in Resources */,
				9B18B89F1DD059F2004F6108 /* WMSubjectFourViewController.xib in Resources */,
				9B06505A1DC33CB300A7ACE3 /* WMFaxianViewController.xib in Resources */,
				9B18B89A1DD059B9004F6108 /* WMSubjectThreeViewController.xib in Resources */,
				9B064FC51DC1FEC100A7ACE3 /* Assets.xcassets in Resources */,
				9B18B8A41DD05A1B004F6108 /* WMGetDiverLicenseViewController.xib in Resources */,
				9B18B8AE1DD06CC5004F6108 /* WMMyDriverMasterView.xib in Resources */,
				9B064FC31DC1FEC100A7ACE3 /* Main.storyboard in Resources */,
				9B18B8951DD05975004F6108 /* WMSubjectTwoViewController.xib in Resources */,
				9B064FF31DC2E06E00A7ACE3 /* TabbarPages.plist in Resources */,
				9B18B8591DD047CA004F6108 /* WMSubjectOneViewController.xib in Resources */,
				9B0650501DC33C3F00A7ACE3 /* WMBaomingViewController.xib in Resources */,
			);
			runOnlyForDeploymentPostprocessing = 0;
		};
		9B064FCC1DC1FEC200A7ACE3 /* Resources */ = {
			isa = PBXResourcesBuildPhase;
			buildActionMask = 2147483647;
			files = (
			);
			runOnlyForDeploymentPostprocessing = 0;
		};
		9B064FD71DC1FEC200A7ACE3 /* Resources */ = {
			isa = PBXResourcesBuildPhase;
			buildActionMask = 2147483647;
			files = (
			);
			runOnlyForDeploymentPostprocessing = 0;
		};
/* End PBXResourcesBuildPhase section */

/* Begin PBXSourcesBuildPhase section */
		9B064FB11DC1FEC100A7ACE3 /* Sources */ = {
			isa = PBXSourcesBuildPhase;
			buildActionMask = 2147483647;
			files = (
				9B3AE90C1DD1B7BE0070DCA1 /* WMAdvertisementPagingScrollView.m in Sources */,
				9B18B8581DD047CA004F6108 /* WMSubjectOneViewController.m in Sources */,
				9B06504F1DC33C3F00A7ACE3 /* WMBaomingViewController.m in Sources */,
				9B06504B1DC3356800A7ACE3 /* WMpageControllersInfo.m in Sources */,
				9BFF9F291DC34A5F004BCACD /* WMGlobal.m in Sources */,
				9B18B8991DD059B9004F6108 /* WMSubjectThreeViewController.m in Sources */,
				9B5AA63D1DC49EA200C2C15C /* WMPagesScrollView.m in Sources */,
				9B18B8AC1DD06CA2004F6108 /* WMMyDriverMasterView.m in Sources */,
				9B06505E1DC33CC700A7ACE3 /* WMBaibaoxiangViewController.m in Sources */,
				9B18B89E1DD059F2004F6108 /* WMSubjectFourViewController.m in Sources */,
				9B18B8941DD05975004F6108 /* WMSubjectTwoViewController.m in Sources */,
				9B0650631DC33CE800A7ACE3 /* WMMaicheViewController.m in Sources */,
				9B064FBD1DC1FEC100A7ACE3 /* AppDelegate.m in Sources */,
				9B0650481DC3285600A7ACE3 /* WMPurchaseNavViewController.m in Sources */,
				9B064FBA1DC1FEC100A7ACE3 /* main.m in Sources */,
				9B0650541DC33C7800A7ACE3 /* WMJiakaoViewController.m in Sources */,
				9B06501C1DC2ED6600A7ACE3 /* WMRootTabBarController.m in Sources */,
				9B0650451DC3281B00A7ACE3 /* WMBasicNavViewController.m in Sources */,
				9B18B8A31DD05A1B004F6108 /* WMGetDiverLicenseViewController.m in Sources */,
				9B0650591DC33CB300A7ACE3 /* WMFaxianViewController.m in Sources */,
			);
			runOnlyForDeploymentPostprocessing = 0;
		};
		9B064FCA1DC1FEC200A7ACE3 /* Sources */ = {
			isa = PBXSourcesBuildPhase;
			buildActionMask = 2147483647;
			files = (
				9B064FD31DC1FEC200A7ACE3 /* WM_DriverAssistantTests.m in Sources */,
			);
			runOnlyForDeploymentPostprocessing = 0;
		};
		9B064FD51DC1FEC200A7ACE3 /* Sources */ = {
			isa = PBXSourcesBuildPhase;
			buildActionMask = 2147483647;
			files = (
				9B064FDE1DC1FEC200A7ACE3 /* WM_DriverAssistantUITests.m in Sources */,
			);
			runOnlyForDeploymentPostprocessing = 0;
		};
/* End PBXSourcesBuildPhase section */

/* Begin PBXTargetDependency section */
		9B064FD01DC1FEC200A7ACE3 /* PBXTargetDependency */ = {
			isa = PBXTargetDependency;
			target = 9B064FB41DC1FEC100A7ACE3 /* WM_DriverAssistant */;
			targetProxy = 9B064FCF1DC1FEC200A7ACE3 /* PBXContainerItemProxy */;
		};
		9B064FDB1DC1FEC200A7ACE3 /* PBXTargetDependency */ = {
			isa = PBXTargetDependency;
			target = 9B064FB41DC1FEC100A7ACE3 /* WM_DriverAssistant */;
			targetProxy = 9B064FDA1DC1FEC200A7ACE3 /* PBXContainerItemProxy */;
		};
/* End PBXTargetDependency section */

/* Begin PBXVariantGroup section */
		9B064FC11DC1FEC100A7ACE3 /* Main.storyboard */ = {
			isa = PBXVariantGroup;
			children = (
				9B064FC21DC1FEC100A7ACE3 /* Base */,
			);
			name = Main.storyboard;
			sourceTree = "<group>";
		};
		9B064FC61DC1FEC100A7ACE3 /* LaunchScreen.storyboard */ = {
			isa = PBXVariantGroup;
			children = (
				9B064FC71DC1FEC100A7ACE3 /* Base */,
			);
			name = LaunchScreen.storyboard;
			sourceTree = "<group>";
		};
/* End PBXVariantGroup section */

/* Begin XCBuildConfiguration section */
		9B064FE01DC1FEC200A7ACE3 /* Debug */ = {
			isa = XCBuildConfiguration;
			buildSettings = {
				ALWAYS_SEARCH_USER_PATHS = NO;
				CLANG_ANALYZER_NONNULL = YES;
				CLANG_CXX_LANGUAGE_STANDARD = "gnu++0x";
				CLANG_CXX_LIBRARY = "libc++";
				CLANG_ENABLE_MODULES = YES;
				CLANG_ENABLE_OBJC_ARC = YES;
				CLANG_WARN_BOOL_CONVERSION = YES;
				CLANG_WARN_CONSTANT_CONVERSION = YES;
				CLANG_WARN_DIRECT_OBJC_ISA_USAGE = YES_ERROR;
				CLANG_WARN_DOCUMENTATION_COMMENTS = YES;
				CLANG_WARN_EMPTY_BODY = YES;
				CLANG_WARN_ENUM_CONVERSION = YES;
				CLANG_WARN_INFINITE_RECURSION = YES;
				CLANG_WARN_INT_CONVERSION = YES;
				CLANG_WARN_OBJC_ROOT_CLASS = YES_ERROR;
				CLANG_WARN_SUSPICIOUS_MOVES = YES;
				CLANG_WARN_UNREACHABLE_CODE = YES;
				CLANG_WARN__DUPLICATE_METHOD_MATCH = YES;
				"CODE_SIGN_IDENTITY[sdk=iphoneos*]" = "iPhone Developer";
				COPY_PHASE_STRIP = NO;
				DEBUG_INFORMATION_FORMAT = dwarf;
				ENABLE_STRICT_OBJC_MSGSEND = YES;
				ENABLE_TESTABILITY = YES;
				GCC_C_LANGUAGE_STANDARD = gnu99;
				GCC_DYNAMIC_NO_PIC = NO;
				GCC_NO_COMMON_BLOCKS = YES;
				GCC_OPTIMIZATION_LEVEL = 0;
				GCC_PREPROCESSOR_DEFINITIONS = (
					"DEBUG=1",
					"$(inherited)",
				);
				GCC_WARN_64_TO_32_BIT_CONVERSION = YES;
				GCC_WARN_ABOUT_RETURN_TYPE = YES_ERROR;
				GCC_WARN_UNDECLARED_SELECTOR = YES;
				GCC_WARN_UNINITIALIZED_AUTOS = YES_AGGRESSIVE;
				GCC_WARN_UNUSED_FUNCTION = YES;
				GCC_WARN_UNUSED_VARIABLE = YES;
				IPHONEOS_DEPLOYMENT_TARGET = 10.0;
				MTL_ENABLE_DEBUG_INFO = YES;
				ONLY_ACTIVE_ARCH = YES;
				SDKROOT = iphoneos;
				TARGETED_DEVICE_FAMILY = "1,2";
			};
			name = Debug;
		};
		9B064FE11DC1FEC200A7ACE3 /* Release */ = {
			isa = XCBuildConfiguration;
			buildSettings = {
				ALWAYS_SEARCH_USER_PATHS = NO;
				CLANG_ANALYZER_NONNULL = YES;
				CLANG_CXX_LANGUAGE_STANDARD = "gnu++0x";
				CLANG_CXX_LIBRARY = "libc++";
				CLANG_ENABLE_MODULES = YES;
				CLANG_ENABLE_OBJC_ARC = YES;
				CLANG_WARN_BOOL_CONVERSION = YES;
				CLANG_WARN_CONSTANT_CONVERSION = YES;
				CLANG_WARN_DIRECT_OBJC_ISA_USAGE = YES_ERROR;
				CLANG_WARN_DOCUMENTATION_COMMENTS = YES;
				CLANG_WARN_EMPTY_BODY = YES;
				CLANG_WARN_ENUM_CONVERSION = YES;
				CLANG_WARN_INFINITE_RECURSION = YES;
				CLANG_WARN_INT_CONVERSION = YES;
				CLANG_WARN_OBJC_ROOT_CLASS = YES_ERROR;
				CLANG_WARN_SUSPICIOUS_MOVES = YES;
				CLANG_WARN_UNREACHABLE_CODE = YES;
				CLANG_WARN__DUPLICATE_METHOD_MATCH = YES;
				"CODE_SIGN_IDENTITY[sdk=iphoneos*]" = "iPhone Developer";
				COPY_PHASE_STRIP = NO;
				DEBUG_INFORMATION_FORMAT = "dwarf-with-dsym";
				ENABLE_NS_ASSERTIONS = NO;
				ENABLE_STRICT_OBJC_MSGSEND = YES;
				GCC_C_LANGUAGE_STANDARD = gnu99;
				GCC_NO_COMMON_BLOCKS = YES;
				GCC_WARN_64_TO_32_BIT_CONVERSION = YES;
				GCC_WARN_ABOUT_RETURN_TYPE = YES_ERROR;
				GCC_WARN_UNDECLARED_SELECTOR = YES;
				GCC_WARN_UNINITIALIZED_AUTOS = YES_AGGRESSIVE;
				GCC_WARN_UNUSED_FUNCTION = YES;
				GCC_WARN_UNUSED_VARIABLE = YES;
				IPHONEOS_DEPLOYMENT_TARGET = 10.0;
				MTL_ENABLE_DEBUG_INFO = NO;
				SDKROOT = iphoneos;
				TARGETED_DEVICE_FAMILY = "1,2";
				VALIDATE_PRODUCT = YES;
			};
			name = Release;
		};
		9B064FE31DC1FEC200A7ACE3 /* Debug */ = {
			isa = XCBuildConfiguration;
			buildSettings = {
				ASSETCATALOG_COMPILER_APPICON_NAME = AppIcon;
				ASSETCATALOG_COMPILER_LAUNCHIMAGE_NAME = LaunchImage;
				DEVELOPMENT_TEAM = CG4F88GY6X;
				GCC_PREFIX_HEADER = "WM_DriverAssistant/driverAssistant-Prefix.pch";
				INFOPLIST_FILE = WM_DriverAssistant/Info.plist;
				IPHONEOS_DEPLOYMENT_TARGET = 8.0;
				LD_RUNPATH_SEARCH_PATHS = "$(inherited) @executable_path/Frameworks";
				PRODUCT_BUNDLE_IDENTIFIER = "com.personal.WM-DriverAssistant";
				PRODUCT_NAME = "$(TARGET_NAME)";
			};
			name = Debug;
		};
		9B064FE41DC1FEC200A7ACE3 /* Release */ = {
			isa = XCBuildConfiguration;
			buildSettings = {
				ASSETCATALOG_COMPILER_APPICON_NAME = AppIcon;
				ASSETCATALOG_COMPILER_LAUNCHIMAGE_NAME = LaunchImage;
				DEVELOPMENT_TEAM = CG4F88GY6X;
				GCC_PREFIX_HEADER = "WM_DriverAssistant/driverAssistant-Prefix.pch";
				INFOPLIST_FILE = WM_DriverAssistant/Info.plist;
				IPHONEOS_DEPLOYMENT_TARGET = 8.0;
				LD_RUNPATH_SEARCH_PATHS = "$(inherited) @executable_path/Frameworks";
				PRODUCT_BUNDLE_IDENTIFIER = "com.personal.WM-DriverAssistant";
				PRODUCT_NAME = "$(TARGET_NAME)";
			};
			name = Release;
		};
		9B064FE61DC1FEC200A7ACE3 /* Debug */ = {
			isa = XCBuildConfiguration;
			buildSettings = {
				BUNDLE_LOADER = "$(TEST_HOST)";
				DEVELOPMENT_TEAM = CG4F88GY6X;
				INFOPLIST_FILE = WM_DriverAssistantTests/Info.plist;
				LD_RUNPATH_SEARCH_PATHS = "$(inherited) @executable_path/Frameworks @loader_path/Frameworks";
				PRODUCT_BUNDLE_IDENTIFIER = "com.personal.WM-DriverAssistantTests";
				PRODUCT_NAME = "$(TARGET_NAME)";
				TEST_HOST = "$(BUILT_PRODUCTS_DIR)/WM_DriverAssistant.app/WM_DriverAssistant";
			};
			name = Debug;
		};
		9B064FE71DC1FEC200A7ACE3 /* Release */ = {
			isa = XCBuildConfiguration;
			buildSettings = {
				BUNDLE_LOADER = "$(TEST_HOST)";
				DEVELOPMENT_TEAM = CG4F88GY6X;
				INFOPLIST_FILE = WM_DriverAssistantTests/Info.plist;
				LD_RUNPATH_SEARCH_PATHS = "$(inherited) @executable_path/Frameworks @loader_path/Frameworks";
				PRODUCT_BUNDLE_IDENTIFIER = "com.personal.WM-DriverAssistantTests";
				PRODUCT_NAME = "$(TARGET_NAME)";
				TEST_HOST = "$(BUILT_PRODUCTS_DIR)/WM_DriverAssistant.app/WM_DriverAssistant";
			};
			name = Release;
		};
		9B064FE91DC1FEC200A7ACE3 /* Debug */ = {
			isa = XCBuildConfiguration;
			buildSettings = {
				DEVELOPMENT_TEAM = CG4F88GY6X;
				INFOPLIST_FILE = WM_DriverAssistantUITests/Info.plist;
				LD_RUNPATH_SEARCH_PATHS = "$(inherited) @executable_path/Frameworks @loader_path/Frameworks";
				PRODUCT_BUNDLE_IDENTIFIER = "com.personal.WM-DriverAssistantUITests";
				PRODUCT_NAME = "$(TARGET_NAME)";
				TEST_TARGET_NAME = WM_DriverAssistant;
			};
			name = Debug;
		};
		9B064FEA1DC1FEC200A7ACE3 /* Release */ = {
			isa = XCBuildConfiguration;
			buildSettings = {
				DEVELOPMENT_TEAM = CG4F88GY6X;
				INFOPLIST_FILE = WM_DriverAssistantUITests/Info.plist;
				LD_RUNPATH_SEARCH_PATHS = "$(inherited) @executable_path/Frameworks @loader_path/Frameworks";
				PRODUCT_BUNDLE_IDENTIFIER = "com.personal.WM-DriverAssistantUITests";
				PRODUCT_NAME = "$(TARGET_NAME)";
				TEST_TARGET_NAME = WM_DriverAssistant;
			};
			name = Release;
		};
/* End XCBuildConfiguration section */

/* Begin XCConfigurationList section */
		9B064FB01DC1FEC000A7ACE3 /* Build configuration list for PBXProject "WM_DriverAssistant" */ = {
			isa = XCConfigurationList;
			buildConfigurations = (
				9B064FE01DC1FEC200A7ACE3 /* Debug */,
				9B064FE11DC1FEC200A7ACE3 /* Release */,
			);
			defaultConfigurationIsVisible = 0;
			defaultConfigurationName = Release;
		};
		9B064FE21DC1FEC200A7ACE3 /* Build configuration list for PBXNativeTarget "WM_DriverAssistant" */ = {
			isa = XCConfigurationList;
			buildConfigurations = (
				9B064FE31DC1FEC200A7ACE3 /* Debug */,
				9B064FE41DC1FEC200A7ACE3 /* Release */,
			);
			defaultConfigurationIsVisible = 0;
			defaultConfigurationName = Release;
		};
		9B064FE51DC1FEC200A7ACE3 /* Build configuration list for PBXNativeTarget "WM_DriverAssistantTests" */ = {
			isa = XCConfigurationList;
			buildConfigurations = (
				9B064FE61DC1FEC200A7ACE3 /* Debug */,
				9B064FE71DC1FEC200A7ACE3 /* Release */,
			);
			defaultConfigurationIsVisible = 0;
			defaultConfigurationName = Release;
		};
		9B064FE81DC1FEC200A7ACE3 /* Build configuration list for PBXNativeTarget "WM_DriverAssistantUITests" */ = {
			isa = XCConfigurationList;
			buildConfigurations = (
				9B064FE91DC1FEC200A7ACE3 /* Debug */,
				9B064FEA1DC1FEC200A7ACE3 /* Release */,
			);
			defaultConfigurationIsVisible = 0;
			defaultConfigurationName = Release;
		};
/* End XCConfigurationList section */
	};
	rootObject = 9B064FAD1DC1FEC000A7ACE3 /* Project object */;
}
